// !$*UTF8*$!
{
	archiveVersion = 1;
	classes = {
	};
	objectVersion = 46;
	objects = {

/* Begin PBXBuildFile section */
		1510C95D1C99A52F0065E061 /* NodeController.cpp in Sources */ = {isa = PBXBuildFile; fileRef = 1510C94F1C99A52F0065E061 /* NodeController.cpp */; };
		1510C95E1C99A52F0065E061 /* NodeRunner.cpp in Sources */ = {isa = PBXBuildFile; fileRef = 1510C9511C99A52F0065E061 /* NodeRunner.cpp */; };
		1510C95F1C99A52F0065E061 /* ArrayNode.cpp in Sources */ = {isa = PBXBuildFile; fileRef = 1510C9531C99A52F0065E061 /* ArrayNode.cpp */; };
		1510C9601C99A52F0065E061 /* CTECArray.cpp in Sources */ = {isa = PBXBuildFile; fileRef = 1510C9551C99A52F0065E061 /* CTECArray.cpp */; };
		1510C9611C99A52F0065E061 /* CtecList.cpp in Sources */ = {isa = PBXBuildFile; fileRef = 1510C9571C99A52F0065E061 /* CtecList.cpp */; };
		1510C9621C99A52F0065E061 /* Node.cpp in Sources */ = {isa = PBXBuildFile; fileRef = 1510C9591C99A52F0065E061 /* Node.cpp */; };
		1510C9631C99A52F0065E061 /* Timer.cpp in Sources */ = {isa = PBXBuildFile; fileRef = 1510C95B1C99A52F0065E061 /* Timer.cpp */; };
		157B95A21CBBE7700069DFF0 /* TreeNode.cpp in Sources */ = {isa = PBXBuildFile; fileRef = 157B95A11CBBE7700069DFF0 /* TreeNode.cpp */; };
		158BFBFB1CE0D2D600CE7110 /* HashNode.cpp in Sources */ = {isa = PBXBuildFile; fileRef = 158BFBF91CE0D2D600CE7110 /* HashNode.cpp */; };
		15ABC1411CBE925300DF6DE8 /* CTECBinaryTree.cpp in Sources */ = {isa = PBXBuildFile; fileRef = 15ABC13F1CBE925300DF6DE8 /* CTECBinaryTree.cpp */; };
		15C7A3311CDB90B700AEE2E1 /* HashTable.cpp in Sources */ = {isa = PBXBuildFile; fileRef = 15C7A32F1CDB90B700AEE2E1 /* HashTable.cpp */; };
		15E855D61CCE5A1200D4FEAD /* Graph.cpp in Sources */ = {isa = PBXBuildFile; fileRef = 15E855D41CCE5A1200D4FEAD /* Graph.cpp */; };
/* End PBXBuildFile section */

/* Begin PBXCopyFilesBuildPhase section */
		1510C9421C99A49B0065E061 /* CopyFiles */ = {
			isa = PBXCopyFilesBuildPhase;
			buildActionMask = 2147483647;
			dstPath = /usr/share/man/man1/;
			dstSubfolderSpec = 0;
			files = (
			);
			runOnlyForDeploymentPostprocessing = 1;
		};
/* End PBXCopyFilesBuildPhase section */

/* Begin PBXFileReference section */
		1510C9441C99A49B0065E061 /* NodesInXCode */ = {isa = PBXFileReference; explicitFileType = "compiled.mach-o.executable"; includeInIndex = 0; path = NodesInXCode; sourceTree = BUILT_PRODUCTS_DIR; };
		1510C94F1C99A52F0065E061 /* NodeController.cpp */ = {isa = PBXFileReference; fileEncoding = 4; lastKnownFileType = sourcecode.cpp.cpp; path = NodeController.cpp; sourceTree = "<group>"; };
		1510C9501C99A52F0065E061 /* NodeController.h */ = {isa = PBXFileReference; fileEncoding = 4; lastKnownFileType = sourcecode.c.h; path = NodeController.h; sourceTree = "<group>"; };
		1510C9511C99A52F0065E061 /* NodeRunner.cpp */ = {isa = PBXFileReference; fileEncoding = 4; lastKnownFileType = sourcecode.cpp.cpp; path = NodeRunner.cpp; sourceTree = "<group>"; };
		1510C9531C99A52F0065E061 /* ArrayNode.cpp */ = {isa = PBXFileReference; fileEncoding = 4; lastKnownFileType = sourcecode.cpp.cpp; path = ArrayNode.cpp; sourceTree = "<group>"; };
		1510C9541C99A52F0065E061 /* ArrayNode.h */ = {isa = PBXFileReference; fileEncoding = 4; lastKnownFileType = sourcecode.c.h; path = ArrayNode.h; sourceTree = "<group>"; };
		1510C9551C99A52F0065E061 /* CTECArray.cpp */ = {isa = PBXFileReference; fileEncoding = 4; lastKnownFileType = sourcecode.cpp.cpp; path = CTECArray.cpp; sourceTree = "<group>"; };
		1510C9561C99A52F0065E061 /* CTECArray.h */ = {isa = PBXFileReference; fileEncoding = 4; lastKnownFileType = sourcecode.c.h; path = CTECArray.h; sourceTree = "<group>"; };
		1510C9571C99A52F0065E061 /* CtecList.cpp */ = {isa = PBXFileReference; fileEncoding = 4; lastKnownFileType = sourcecode.cpp.cpp; path = CtecList.cpp; sourceTree = "<group>"; };
		1510C9581C99A52F0065E061 /* CtecList.h */ = {isa = PBXFileReference; fileEncoding = 4; lastKnownFileType = sourcecode.c.h; path = CtecList.h; sourceTree = "<group>"; };
		1510C9591C99A52F0065E061 /* Node.cpp */ = {isa = PBXFileReference; fileEncoding = 4; lastKnownFileType = sourcecode.cpp.cpp; path = Node.cpp; sourceTree = "<group>"; };
		1510C95A1C99A52F0065E061 /* Node.h */ = {isa = PBXFileReference; fileEncoding = 4; lastKnownFileType = sourcecode.c.h; path = Node.h; sourceTree = "<group>"; };
		1510C95B1C99A52F0065E061 /* Timer.cpp */ = {isa = PBXFileReference; fileEncoding = 4; lastKnownFileType = sourcecode.cpp.cpp; path = Timer.cpp; sourceTree = "<group>"; };
		1510C95C1C99A52F0065E061 /* Timer.h */ = {isa = PBXFileReference; fileEncoding = 4; lastKnownFileType = sourcecode.c.h; path = Timer.h; sourceTree = "<group>"; };
		157B959E1CBBE72D0069DFF0 /* TreeNode.h */ = {isa = PBXFileReference; lastKnownFileType = sourcecode.c.h; path = TreeNode.h; sourceTree = "<group>"; };
		157B95A11CBBE7700069DFF0 /* TreeNode.cpp */ = {isa = PBXFileReference; fileEncoding = 4; lastKnownFileType = sourcecode.cpp.cpp; path = TreeNode.cpp; sourceTree = "<group>"; };
		158BFBF91CE0D2D600CE7110 /* HashNode.cpp */ = {isa = PBXFileReference; fileEncoding = 4; lastKnownFileType = sourcecode.cpp.cpp; path = HashNode.cpp; sourceTree = "<group>"; };
		158BFBFA1CE0D2D600CE7110 /* HashNode.hpp */ = {isa = PBXFileReference; fileEncoding = 4; lastKnownFileType = sourcecode.cpp.h; path = HashNode.hpp; sourceTree = "<group>"; };
		15ABC13F1CBE925300DF6DE8 /* CTECBinaryTree.cpp */ = {isa = PBXFileReference; fileEncoding = 4; lastKnownFileType = sourcecode.cpp.cpp; path = CTECBinaryTree.cpp; sourceTree = "<group>"; };
		15ABC1401CBE925300DF6DE8 /* CTECBinaryTree.hpp */ = {isa = PBXFileReference; fileEncoding = 4; lastKnownFileType = sourcecode.cpp.h; path = CTECBinaryTree.hpp; sourceTree = "<group>"; };
		15C7A32F1CDB90B700AEE2E1 /* HashTable.cpp */ = {isa = PBXFileReference; fileEncoding = 4; lastKnownFileType = sourcecode.cpp.cpp; path = HashTable.cpp; sourceTree = "<group>"; };
		15C7A3301CDB90B700AEE2E1 /* HashTable.hpp */ = {isa = PBXFileReference; fileEncoding = 4; lastKnownFileType = sourcecode.cpp.h; path = HashTable.hpp; sourceTree = "<group>"; };
		15E855D41CCE5A1200D4FEAD /* Graph.cpp */ = {isa = PBXFileReference; fileEncoding = 4; lastKnownFileType = sourcecode.cpp.cpp; path = Graph.cpp; sourceTree = "<group>"; };
		15E855D51CCE5A1200D4FEAD /* Graph.hpp */ = {isa = PBXFileReference; fileEncoding = 4; lastKnownFileType = sourcecode.cpp.h; path = Graph.hpp; sourceTree = "<group>"; };
/* End PBXFileReference section */

/* Begin PBXFrameworksBuildPhase section */
		1510C9411C99A49B0065E061 /* Frameworks */ = {
			isa = PBXFrameworksBuildPhase;
			buildActionMask = 2147483647;
			files = (
			);
			runOnlyForDeploymentPostprocessing = 0;
		};
/* End PBXFrameworksBuildPhase section */

/* Begin PBXGroup section */
		1510C93B1C99A49B0065E061 = {
			isa = PBXGroup;
			children = (
				1510C9451C99A49B0065E061 /* Products */,
				1510C94E1C99A52F0065E061 /* Controller */,
				1510C9521C99A52F0065E061 /* Model */,
			);
			sourceTree = "<group>";
		};
		1510C9451C99A49B0065E061 /* Products */ = {
			isa = PBXGroup;
			children = (
				1510C9441C99A49B0065E061 /* NodesInXCode */,
			);
			name = Products;
			sourceTree = "<group>";
		};
		1510C94E1C99A52F0065E061 /* Controller */ = {
			isa = PBXGroup;
			children = (
				1510C94F1C99A52F0065E061 /* NodeController.cpp */,
				1510C9501C99A52F0065E061 /* NodeController.h */,
				1510C9511C99A52F0065E061 /* NodeRunner.cpp */,
			);
			path = Controller;
			sourceTree = "<group>";
		};
		1510C9521C99A52F0065E061 /* Model */ = {
			isa = PBXGroup;
			children = (
				1510C9531C99A52F0065E061 /* ArrayNode.cpp */,
				1510C9541C99A52F0065E061 /* ArrayNode.h */,
				1510C9551C99A52F0065E061 /* CTECArray.cpp */,
				1510C9561C99A52F0065E061 /* CTECArray.h */,
				1510C9571C99A52F0065E061 /* CtecList.cpp */,
				1510C9581C99A52F0065E061 /* CtecList.h */,
				1510C9591C99A52F0065E061 /* Node.cpp */,
				1510C95A1C99A52F0065E061 /* Node.h */,
				1510C95B1C99A52F0065E061 /* Timer.cpp */,
				1510C95C1C99A52F0065E061 /* Timer.h */,
				157B959E1CBBE72D0069DFF0 /* TreeNode.h */,
				157B95A11CBBE7700069DFF0 /* TreeNode.cpp */,
				15ABC13F1CBE925300DF6DE8 /* CTECBinaryTree.cpp */,
				15ABC1401CBE925300DF6DE8 /* CTECBinaryTree.hpp */,
				15E855D41CCE5A1200D4FEAD /* Graph.cpp */,
				15E855D51CCE5A1200D4FEAD /* Graph.hpp */,
				15C7A32F1CDB90B700AEE2E1 /* HashTable.cpp */,
				15C7A3301CDB90B700AEE2E1 /* HashTable.hpp */,
				158BFBF91CE0D2D600CE7110 /* HashNode.cpp */,
				158BFBFA1CE0D2D600CE7110 /* HashNode.hpp */,
			);
			path = Model;
			sourceTree = "<group>";
		};
/* End PBXGroup section */

/* Begin PBXNativeTarget section */
		1510C9431C99A49B0065E061 /* NodesInXCode */ = {
			isa = PBXNativeTarget;
			buildConfigurationList = 1510C94B1C99A49B0065E061 /* Build configuration list for PBXNativeTarget "NodesInXCode" */;
			buildPhases = (
				1510C9401C99A49B0065E061 /* Sources */,
				1510C9411C99A49B0065E061 /* Frameworks */,
				1510C9421C99A49B0065E061 /* CopyFiles */,
			);
			buildRules = (
			);
			dependencies = (
			);
			name = NodesInXCode;
			productName = NodesInXCode;
			productReference = 1510C9441C99A49B0065E061 /* NodesInXCode */;
			productType = "com.apple.product-type.tool";
		};
/* End PBXNativeTarget section */

/* Begin PBXProject section */
		1510C93C1C99A49B0065E061 /* Project object */ = {
			isa = PBXProject;
			attributes = {
				LastUpgradeCheck = 0720;
				ORGANIZATIONNAME = CTEC;
				TargetAttributes = {
					1510C9431C99A49B0065E061 = {
						CreatedOnToolsVersion = 7.2;
					};
				};
			};
			buildConfigurationList = 1510C93F1C99A49B0065E061 /* Build configuration list for PBXProject "NodesInXCode" */;
			compatibilityVersion = "Xcode 3.2";
			developmentRegion = English;
			hasScannedForEncodings = 0;
			knownRegions = (
				en,
			);
			mainGroup = 1510C93B1C99A49B0065E061;
			productRefGroup = 1510C9451C99A49B0065E061 /* Products */;
			projectDirPath = "";
			projectRoot = "";
			targets = (
				1510C9431C99A49B0065E061 /* NodesInXCode */,
			);
		};
/* End PBXProject section */

/* Begin PBXSourcesBuildPhase section */
		1510C9401C99A49B0065E061 /* Sources */ = {
			isa = PBXSourcesBuildPhase;
			buildActionMask = 2147483647;
			files = (
				1510C9621C99A52F0065E061 /* Node.cpp in Sources */,
				1510C95D1C99A52F0065E061 /* NodeController.cpp in Sources */,
				1510C9631C99A52F0065E061 /* Timer.cpp in Sources */,
				157B95A21CBBE7700069DFF0 /* TreeNode.cpp in Sources */,
				15E855D61CCE5A1200D4FEAD /* Graph.cpp in Sources */,
				1510C9611C99A52F0065E061 /* CtecList.cpp in Sources */,
				1510C95E1C99A52F0065E061 /* NodeRunner.cpp in Sources */,
				15ABC1411CBE925300DF6DE8 /* CTECBinaryTree.cpp in Sources */,
				1510C95F1C99A52F0065E061 /* ArrayNode.cpp in Sources */,
				15C7A3311CDB90B700AEE2E1 /* HashTable.cpp in Sources */,
				1510C9601C99A52F0065E061 /* CTECArray.cpp in Sources */,
				158BFBFB1CE0D2D600CE7110 /* HashNode.cpp in Sources */,
			);
			runOnlyForDeploymentPostprocessing = 0;
		};
/* End PBXSourcesBuildPhase section */

/* Begin XCBuildConfiguration section */
		1510C9491C99A49B0065E061 /* Debug */ = {
			isa = XCBuildConfiguration;
			buildSettings = {
				ALWAYS_SEARCH_USER_PATHS = NO;
				CLANG_CXX_LANGUAGE_STANDARD = "gnu++0x";
				CLANG_CXX_LIBRARY = "libc++";
				CLANG_ENABLE_MODULES = YES;
				CLANG_ENABLE_OBJC_ARC = YES;
				CLANG_WARN_BOOL_CONVERSION = YES;
				CLANG_WARN_CONSTANT_CONVERSION = YES;
				CLANG_WARN_DIRECT_OBJC_ISA_USAGE = YES_ERROR;
				CLANG_WARN_EMPTY_BODY = YES;
				CLANG_WARN_ENUM_CONVERSION = YES;
				CLANG_WARN_INT_CONVERSION = YES;
				CLANG_WARN_OBJC_ROOT_CLASS = YES_ERROR;
				CLANG_WARN_UNREACHABLE_CODE = YES;
				CLANG_WARN__DUPLICATE_METHOD_MATCH = YES;
				CODE_SIGN_IDENTITY = "-";
				COPY_PHASE_STRIP = NO;
				DEBUG_INFORMATION_FORMAT = dwarf;
				ENABLE_STRICT_OBJC_MSGSEND = YES;
				ENABLE_TESTABILITY = YES;
				GCC_C_LANGUAGE_STANDARD = gnu99;
				GCC_DYNAMIC_NO_PIC = NO;
				GCC_NO_COMMON_BLOCKS = YES;
				GCC_OPTIMIZATION_LEVEL = 0;
				GCC_PREPROCESSOR_DEFINITIONS = (
					"DEBUG=1",
					"$(inherited)",
				);
				GCC_WARN_64_TO_32_BIT_CONVERSION = YES;
				GCC_WARN_ABOUT_RETURN_TYPE = YES_ERROR;
				GCC_WARN_UNDECLARED_SELECTOR = YES;
				GCC_WARN_UNINITIALIZED_AUTOS = YES_AGGRESSIVE;
				GCC_WARN_UNUSED_FUNCTION = YES;
				GCC_WARN_UNUSED_VARIABLE = YES;
				MACOSX_DEPLOYMENT_TARGET = 10.10;
				MTL_ENABLE_DEBUG_INFO = YES;
				ONLY_ACTIVE_ARCH = YES;
				SDKROOT = macosx;
			};
			name = Debug;
		};
		1510C94A1C99A49B0065E061 /* Release */ = {
			isa = XCBuildConfiguration;
			buildSettings = {
				ALWAYS_SEARCH_USER_PATHS = NO;
				CLANG_CXX_LANGUAGE_STANDARD = "gnu++0x";
				CLANG_CXX_LIBRARY = "libc++";
				CLANG_ENABLE_MODULES = YES;
				CLANG_ENABLE_OBJC_ARC = YES;
				CLANG_WARN_BOOL_CONVERSION = YES;
				CLANG_WARN_CONSTANT_CONVERSION = YES;
				CLANG_WARN_DIRECT_OBJC_ISA_USAGE = YES_ERROR;
				CLANG_WARN_EMPTY_BODY = YES;
				CLANG_WARN_ENUM_CONVERSION = YES;
				CLANG_WARN_INT_CONVERSION = YES;
				CLANG_WARN_OBJC_ROOT_CLASS = YES_ERROR;
				CLANG_WARN_UNREACHABLE_CODE = YES;
				CLANG_WARN__DUPLICATE_METHOD_MATCH = YES;
				CODE_SIGN_IDENTITY = "-";
				COPY_PHASE_STRIP = NO;
				DEBUG_INFORMATION_FORMAT = "dwarf-with-dsym";
				ENABLE_NS_ASSERTIONS = NO;
				ENABLE_STRICT_OBJC_MSGSEND = YES;
				GCC_C_LANGUAGE_STANDARD = gnu99;
				GCC_NO_COMMON_BLOCKS = YES;
				GCC_WARN_64_TO_32_BIT_CONVERSION = YES;
				GCC_WARN_ABOUT_RETURN_TYPE = YES_ERROR;
				GCC_WARN_UNDECLARED_SELECTOR = YES;
				GCC_WARN_UNINITIALIZED_AUTOS = YES_AGGRESSIVE;
				GCC_WARN_UNUSED_FUNCTION = YES;
				GCC_WARN_UNUSED_VARIABLE = YES;
				MACOSX_DEPLOYMENT_TARGET = 10.10;
				MTL_ENABLE_DEBUG_INFO = NO;
				SDKROOT = macosx;
			};
			name = Release;
		};
		1510C94C1C99A49B0065E061 /* Debug */ = {
			isa = XCBuildConfiguration;
			buildSettings = {
				PRODUCT_NAME = "$(TARGET_NAME)";
			};
			name = Debug;
		};
		1510C94D1C99A49B0065E061 /* Release */ = {
			isa = XCBuildConfiguration;
			buildSettings = {
				PRODUCT_NAME = "$(TARGET_NAME)";
			};
			name = Release;
		};
/* End XCBuildConfiguration section */

/* Begin XCConfigurationList section */
		1510C93F1C99A49B0065E061 /* Build configuration list for PBXProject "NodesInXCode" */ = {
			isa = XCConfigurationList;
			buildConfigurations = (
				1510C9491C99A49B0065E061 /* Debug */,
				1510C94A1C99A49B0065E061 /* Release */,
			);
			defaultConfigurationIsVisible = 0;
			defaultConfigurationName = Release;
		};
		1510C94B1C99A49B0065E061 /* Build configuration list for PBXNativeTarget "NodesInXCode" */ = {
			isa = XCConfigurationList;
			buildConfigurations = (
				1510C94C1C99A49B0065E061 /* Debug */,
				1510C94D1C99A49B0065E061 /* Release */,
			);
			defaultConfigurationIsVisible = 0;
			defaultConfigurationName = Release;
		};
/* End XCConfigurationList section */
	};
	rootObject = 1510C93C1C99A49B0065E061 /* Project object */;
}
